
Microsoft Visual Studio Solution File, Format Version 12.00
# Visual Studio Version 17
VisualStudioVersion = 17.10.35027.167
MinimumVisualStudioVersion = 10.0.40219.1
Project("{FAE04EC0-301F-11D3-BF4B-00C04F79EFBC}") = "DomFinAPI", "DomFinAPI\DomFinAPI.csproj", "{D0BD19AA-A068-43A0-8278-3252CAD1C197}"
EndProject
Global
	GlobalSection(SolutionConfigurationPlatforms) = preSolution
		Debug|Any CPU = Debug|Any CPU
		Release|Any CPU = Release|Any CPU
	EndGlobalSection
	GlobalSection(ProjectConfigurationPlatforms) = postSolution
		{D0BD19AA-A068-43A0-8278-3252CAD1C197}.Debug|Any CPU.ActiveCfg = Debug|Any CPU
		{D0BD19AA-A068-43A0-8278-3252CAD1C197}.Debug|Any CPU.Build.0 = Debug|Any CPU
		{D0BD19AA-A068-43A0-8278-3252CAD1C197}.Release|Any CPU.ActiveCfg = Release|Any CPU
		{D0BD19AA-A068-43A0-8278-3252CAD1C197}.Release|Any CPU.Build.0 = Release|Any CPU
	EndGlobalSection
	GlobalSection(SolutionProperties) = preSolution
		HideSolutionNode = FALSE
	EndGlobalSection
	GlobalSection(ExtensibilityGlobals) = postSolution
		SolutionGuid = {1C4F4096-DE20-4466-8DB3-5C7BF48A98AE}
	EndGlobalSection
EndGlobal
